# THIS IS AN AUTOGENERATED FILE. DO NOT EDIT THIS FILE DIRECTLY.
# yarn lockfile v1


ts-mixer@^3.0.0:
  version "3.0.0"
  resolved "https://registry.yarnpkg.com/ts-mixer/-/ts-mixer-3.0.0.tgz#a6182ed41515ffeb7399942337cbf940e030eeed"
  integrity sha512-MG/XIz7ihXy9w73H2//iU3Ao6Qmmk3fViqdh49UGhzbAV+0xubckh2znJKJcjMLt29VdTGiuMc7KaG1/YZU3sg==

typescript@^3.4.5:
  version "3.4.5"
  resolved "https://registry.yarnpkg.com/typescript/-/typescript-3.4.5.tgz#2d2618d10bb566572b8d7aad5180d84257d70a99"
  integrity sha512-YycBxUb49UUhdNMU5aJ7z5Ej2XGmaIBL0x34vZ82fn3hGvD+bgrMrVDpatgz2f7YxUMJxMkbWxJZeAvDxVe7Vw==
