# THIS IS AN AUTOGENERATED FILE. DO NOT EDIT THIS FILE DIRECTLY.
# yarn lockfile v1


kiwi.js@^1.1.1:
  version "1.1.1"
  resolved "https://registry.yarnpkg.com/kiwi.js/-/kiwi.js-1.1.1.tgz#a5b14626e6d34bea9a8eb45e3a7dd8e096fa3f90"
  integrity sha512-rH3tMPWuGlhhW4PPmUE/IyHyrZ6VehEtwYM2uj3ZEXrgoQv7/Jyr3PqQORSjrWgc6+wx5sNIKNpXEZnldQkwrg==

typescript@^3.4.5:
  version "3.4.5"
  resolved "https://registry.yarnpkg.com/typescript/-/typescript-3.4.5.tgz#2d2618d10bb566572b8d7aad5180d84257d70a99"
  integrity sha512-YycBxUb49UUhdNMU5aJ7z5Ej2XGmaIBL0x34vZ82fn3hGvD+bgrMrVDpatgz2f7YxUMJxMkbWxJZeAvDxVe7Vw==
